
Microsoft Visual Studio Solution File, Format Version 12.00
# Visual Studio 15
VisualStudioVersion = 15.0.28307.902
MinimumVisualStudioVersion = 10.0.40219.1
Project("{8BC9CEB8-8B4A-11D0-8D11-00A0C91BC942}") = "l-9-11", "l-9-11\l-9-11.vcxproj", "{3B607E97-C783-43B7-84AC-51211A4E2D4F}"
EndProject
Project("{8BC9CEB8-8B4A-11D0-8D11-00A0C91BC942}") = "l-9-13-test14-4", "l-9-13-test14-4\l-9-13-test14-4.vcxproj", "{88832A23-BB99-4FCE-B207-12B46F865D01}"
EndProject
Project("{8BC9CEB8-8B4A-11D0-8D11-00A0C91BC942}") = "9-2—9-3", "9-2—9-3\9-2—9-3.vcxproj", "{D8B68E10-ECA4-4ED2-B020-65B8538C723C}"
EndProject
Project("{8BC9CEB8-8B4A-11D0-8D11-00A0C91BC942}") = "9-5", "9-5\9-5.vcxproj", "{2EF2F0A4-CF5A-490D-86A9-3BB716706E33}"
EndProject
Project("{8BC9CEB8-8B4A-11D0-8D11-00A0C91BC942}") = "9-8", "9-8\9-8.vcxproj", "{111EAF38-BDC7-4B10-A82C-C9B4F5EA6C1E}"
EndProject
Project("{8BC9CEB8-8B4A-11D0-8D11-00A0C91BC942}") = "10-1", "10-1\10-1.vcxproj", "{B456F99C-FF30-4028-893E-FA616FD98CE0}"
EndProject
Project("{8BC9CEB8-8B4A-11D0-8D11-00A0C91BC942}") = "test-15-1-9-4", "test-15-1-9-4\test-15-1-9-4.vcxproj", "{28343029-4F47-4ACA-BC1A-5E20CE519A1E}"
EndProject
Project("{8BC9CEB8-8B4A-11D0-8D11-00A0C91BC942}") = "text-15-2-10-6", "text-15-2-10-6\text-15-2-10-6.vcxproj", "{2BA0E117-7E8E-4036-B21F-E2517CAD3CEA}"
EndProject
Project("{8BC9CEB8-8B4A-11D0-8D11-00A0C91BC942}") = "11-4", "11-4\11-4.vcxproj", "{D364F20D-D819-4C5E-90BD-421DDF2EA4B6}"
EndProject
Project("{8BC9CEB8-8B4A-11D0-8D11-00A0C91BC942}") = "11-9", "11-9\11-9.vcxproj", "{920B91BB-80B3-4727-842B-C096858338AC}"
EndProject
Project("{8BC9CEB8-8B4A-11D0-8D11-00A0C91BC942}") = "12-1", "12-1\12-1.vcxproj", "{2007A8F5-37B8-42DD-B88A-326E62C1702F}"
EndProject
Project("{8BC9CEB8-8B4A-11D0-8D11-00A0C91BC942}") = "exam", "exam\exam.vcxproj", "{D27D3C93-D299-4109-92D9-0021EAFB8615}"
EndProject
Project("{8BC9CEB8-8B4A-11D0-8D11-00A0C91BC942}") = "exam1", "exam1\exam1.vcxproj", "{75832B10-8930-4F22-B9E8-95A057D37376}"
EndProject
Global
	GlobalSection(SolutionConfigurationPlatforms) = preSolution
		Debug|x64 = Debug|x64
		Debug|x86 = Debug|x86
		Release|x64 = Release|x64
		Release|x86 = Release|x86
	EndGlobalSection
	GlobalSection(ProjectConfigurationPlatforms) = postSolution
		{3B607E97-C783-43B7-84AC-51211A4E2D4F}.Debug|x64.ActiveCfg = Debug|x64
		{3B607E97-C783-43B7-84AC-51211A4E2D4F}.Debug|x64.Build.0 = Debug|x64
		{3B607E97-C783-43B7-84AC-51211A4E2D4F}.Debug|x86.ActiveCfg = Debug|Win32
		{3B607E97-C783-43B7-84AC-51211A4E2D4F}.Debug|x86.Build.0 = Debug|Win32
		{3B607E97-C783-43B7-84AC-51211A4E2D4F}.Release|x64.ActiveCfg = Release|x64
		{3B607E97-C783-43B7-84AC-51211A4E2D4F}.Release|x64.Build.0 = Release|x64
		{3B607E97-C783-43B7-84AC-51211A4E2D4F}.Release|x86.ActiveCfg = Release|Win32
		{3B607E97-C783-43B7-84AC-51211A4E2D4F}.Release|x86.Build.0 = Release|Win32
		{88832A23-BB99-4FCE-B207-12B46F865D01}.Debug|x64.ActiveCfg = Debug|x64
		{88832A23-BB99-4FCE-B207-12B46F865D01}.Debug|x64.Build.0 = Debug|x64
		{88832A23-BB99-4FCE-B207-12B46F865D01}.Debug|x86.ActiveCfg = Debug|Win32
		{88832A23-BB99-4FCE-B207-12B46F865D01}.Debug|x86.Build.0 = Debug|Win32
		{88832A23-BB99-4FCE-B207-12B46F865D01}.Release|x64.ActiveCfg = Release|x64
		{88832A23-BB99-4FCE-B207-12B46F865D01}.Release|x64.Build.0 = Release|x64
		{88832A23-BB99-4FCE-B207-12B46F865D01}.Release|x86.ActiveCfg = Release|Win32
		{88832A23-BB99-4FCE-B207-12B46F865D01}.Release|x86.Build.0 = Release|Win32
		{D8B68E10-ECA4-4ED2-B020-65B8538C723C}.Debug|x64.ActiveCfg = Debug|x64
		{D8B68E10-ECA4-4ED2-B020-65B8538C723C}.Debug|x64.Build.0 = Debug|x64
		{D8B68E10-ECA4-4ED2-B020-65B8538C723C}.Debug|x86.ActiveCfg = Debug|Win32
		{D8B68E10-ECA4-4ED2-B020-65B8538C723C}.Debug|x86.Build.0 = Debug|Win32
		{D8B68E10-ECA4-4ED2-B020-65B8538C723C}.Release|x64.ActiveCfg = Release|x64
		{D8B68E10-ECA4-4ED2-B020-65B8538C723C}.Release|x64.Build.0 = Release|x64
		{D8B68E10-ECA4-4ED2-B020-65B8538C723C}.Release|x86.ActiveCfg = Release|Win32
		{D8B68E10-ECA4-4ED2-B020-65B8538C723C}.Release|x86.Build.0 = Release|Win32
		{2EF2F0A4-CF5A-490D-86A9-3BB716706E33}.Debug|x64.ActiveCfg = Debug|x64
		{2EF2F0A4-CF5A-490D-86A9-3BB716706E33}.Debug|x64.Build.0 = Debug|x64
		{2EF2F0A4-CF5A-490D-86A9-3BB716706E33}.Debug|x86.ActiveCfg = Debug|Win32
		{2EF2F0A4-CF5A-490D-86A9-3BB716706E33}.Debug|x86.Build.0 = Debug|Win32
		{2EF2F0A4-CF5A-490D-86A9-3BB716706E33}.Release|x64.ActiveCfg = Release|x64
		{2EF2F0A4-CF5A-490D-86A9-3BB716706E33}.Release|x64.Build.0 = Release|x64
		{2EF2F0A4-CF5A-490D-86A9-3BB716706E33}.Release|x86.ActiveCfg = Release|Win32
		{2EF2F0A4-CF5A-490D-86A9-3BB716706E33}.Release|x86.Build.0 = Release|Win32
		{111EAF38-BDC7-4B10-A82C-C9B4F5EA6C1E}.Debug|x64.ActiveCfg = Debug|x64
		{111EAF38-BDC7-4B10-A82C-C9B4F5EA6C1E}.Debug|x64.Build.0 = Debug|x64
		{111EAF38-BDC7-4B10-A82C-C9B4F5EA6C1E}.Debug|x86.ActiveCfg = Debug|Win32
		{111EAF38-BDC7-4B10-A82C-C9B4F5EA6C1E}.Debug|x86.Build.0 = Debug|Win32
		{111EAF38-BDC7-4B10-A82C-C9B4F5EA6C1E}.Release|x64.ActiveCfg = Release|x64
		{111EAF38-BDC7-4B10-A82C-C9B4F5EA6C1E}.Release|x64.Build.0 = Release|x64
		{111EAF38-BDC7-4B10-A82C-C9B4F5EA6C1E}.Release|x86.ActiveCfg = Release|Win32
		{111EAF38-BDC7-4B10-A82C-C9B4F5EA6C1E}.Release|x86.Build.0 = Release|Win32
		{B456F99C-FF30-4028-893E-FA616FD98CE0}.Debug|x64.ActiveCfg = Debug|x64
		{B456F99C-FF30-4028-893E-FA616FD98CE0}.Debug|x64.Build.0 = Debug|x64
		{B456F99C-FF30-4028-893E-FA616FD98CE0}.Debug|x86.ActiveCfg = Debug|Win32
		{B456F99C-FF30-4028-893E-FA616FD98CE0}.Debug|x86.Build.0 = Debug|Win32
		{B456F99C-FF30-4028-893E-FA616FD98CE0}.Release|x64.ActiveCfg = Release|x64
		{B456F99C-FF30-4028-893E-FA616FD98CE0}.Release|x64.Build.0 = Release|x64
		{B456F99C-FF30-4028-893E-FA616FD98CE0}.Release|x86.ActiveCfg = Release|Win32
		{B456F99C-FF30-4028-893E-FA616FD98CE0}.Release|x86.Build.0 = Release|Win32
		{28343029-4F47-4ACA-BC1A-5E20CE519A1E}.Debug|x64.ActiveCfg = Debug|x64
		{28343029-4F47-4ACA-BC1A-5E20CE519A1E}.Debug|x64.Build.0 = Debug|x64
		{28343029-4F47-4ACA-BC1A-5E20CE519A1E}.Debug|x86.ActiveCfg = Debug|Win32
		{28343029-4F47-4ACA-BC1A-5E20CE519A1E}.Debug|x86.Build.0 = Debug|Win32
		{28343029-4F47-4ACA-BC1A-5E20CE519A1E}.Release|x64.ActiveCfg = Release|x64
		{28343029-4F47-4ACA-BC1A-5E20CE519A1E}.Release|x64.Build.0 = Release|x64
		{28343029-4F47-4ACA-BC1A-5E20CE519A1E}.Release|x86.ActiveCfg = Release|Win32
		{28343029-4F47-4ACA-BC1A-5E20CE519A1E}.Release|x86.Build.0 = Release|Win32
		{2BA0E117-7E8E-4036-B21F-E2517CAD3CEA}.Debug|x64.ActiveCfg = Debug|x64
		{2BA0E117-7E8E-4036-B21F-E2517CAD3CEA}.Debug|x64.Build.0 = Debug|x64
		{2BA0E117-7E8E-4036-B21F-E2517CAD3CEA}.Debug|x86.ActiveCfg = Debug|Win32
		{2BA0E117-7E8E-4036-B21F-E2517CAD3CEA}.Debug|x86.Build.0 = Debug|Win32
		{2BA0E117-7E8E-4036-B21F-E2517CAD3CEA}.Release|x64.ActiveCfg = Release|x64
		{2BA0E117-7E8E-4036-B21F-E2517CAD3CEA}.Release|x64.Build.0 = Release|x64
		{2BA0E117-7E8E-4036-B21F-E2517CAD3CEA}.Release|x86.ActiveCfg = Release|Win32
		{2BA0E117-7E8E-4036-B21F-E2517CAD3CEA}.Release|x86.Build.0 = Release|Win32
		{D364F20D-D819-4C5E-90BD-421DDF2EA4B6}.Debug|x64.ActiveCfg = Debug|x64
		{D364F20D-D819-4C5E-90BD-421DDF2EA4B6}.Debug|x64.Build.0 = Debug|x64
		{D364F20D-D819-4C5E-90BD-421DDF2EA4B6}.Debug|x86.ActiveCfg = Debug|Win32
		{D364F20D-D819-4C5E-90BD-421DDF2EA4B6}.Debug|x86.Build.0 = Debug|Win32
		{D364F20D-D819-4C5E-90BD-421DDF2EA4B6}.Release|x64.ActiveCfg = Release|x64
		{D364F20D-D819-4C5E-90BD-421DDF2EA4B6}.Release|x64.Build.0 = Release|x64
		{D364F20D-D819-4C5E-90BD-421DDF2EA4B6}.Release|x86.ActiveCfg = Release|Win32
		{D364F20D-D819-4C5E-90BD-421DDF2EA4B6}.Release|x86.Build.0 = Release|Win32
		{920B91BB-80B3-4727-842B-C096858338AC}.Debug|x64.ActiveCfg = Debug|x64
		{920B91BB-80B3-4727-842B-C096858338AC}.Debug|x64.Build.0 = Debug|x64
		{920B91BB-80B3-4727-842B-C096858338AC}.Debug|x86.ActiveCfg = Debug|Win32
		{920B91BB-80B3-4727-842B-C096858338AC}.Debug|x86.Build.0 = Debug|Win32
		{920B91BB-80B3-4727-842B-C096858338AC}.Release|x64.ActiveCfg = Release|x64
		{920B91BB-80B3-4727-842B-C096858338AC}.Release|x64.Build.0 = Release|x64
		{920B91BB-80B3-4727-842B-C096858338AC}.Release|x86.ActiveCfg = Release|Win32
		{920B91BB-80B3-4727-842B-C096858338AC}.Release|x86.Build.0 = Release|Win32
		{2007A8F5-37B8-42DD-B88A-326E62C1702F}.Debug|x64.ActiveCfg = Debug|x64
		{2007A8F5-37B8-42DD-B88A-326E62C1702F}.Debug|x64.Build.0 = Debug|x64
		{2007A8F5-37B8-42DD-B88A-326E62C1702F}.Debug|x86.ActiveCfg = Debug|Win32
		{2007A8F5-37B8-42DD-B88A-326E62C1702F}.Debug|x86.Build.0 = Debug|Win32
		{2007A8F5-37B8-42DD-B88A-326E62C1702F}.Release|x64.ActiveCfg = Release|x64
		{2007A8F5-37B8-42DD-B88A-326E62C1702F}.Release|x64.Build.0 = Release|x64
		{2007A8F5-37B8-42DD-B88A-326E62C1702F}.Release|x86.ActiveCfg = Release|Win32
		{2007A8F5-37B8-42DD-B88A-326E62C1702F}.Release|x86.Build.0 = Release|Win32
		{D27D3C93-D299-4109-92D9-0021EAFB8615}.Debug|x64.ActiveCfg = Debug|x64
		{D27D3C93-D299-4109-92D9-0021EAFB8615}.Debug|x64.Build.0 = Debug|x64
		{D27D3C93-D299-4109-92D9-0021EAFB8615}.Debug|x86.ActiveCfg = Debug|Win32
		{D27D3C93-D299-4109-92D9-0021EAFB8615}.Debug|x86.Build.0 = Debug|Win32
		{D27D3C93-D299-4109-92D9-0021EAFB8615}.Release|x64.ActiveCfg = Release|x64
		{D27D3C93-D299-4109-92D9-0021EAFB8615}.Release|x64.Build.0 = Release|x64
		{D27D3C93-D299-4109-92D9-0021EAFB8615}.Release|x86.ActiveCfg = Release|Win32
		{D27D3C93-D299-4109-92D9-0021EAFB8615}.Release|x86.Build.0 = Release|Win32
		{75832B10-8930-4F22-B9E8-95A057D37376}.Debug|x64.ActiveCfg = Debug|x64
		{75832B10-8930-4F22-B9E8-95A057D37376}.Debug|x64.Build.0 = Debug|x64
		{75832B10-8930-4F22-B9E8-95A057D37376}.Debug|x86.ActiveCfg = Debug|Win32
		{75832B10-8930-4F22-B9E8-95A057D37376}.Debug|x86.Build.0 = Debug|Win32
		{75832B10-8930-4F22-B9E8-95A057D37376}.Release|x64.ActiveCfg = Release|x64
		{75832B10-8930-4F22-B9E8-95A057D37376}.Release|x64.Build.0 = Release|x64
		{75832B10-8930-4F22-B9E8-95A057D37376}.Release|x86.ActiveCfg = Release|Win32
		{75832B10-8930-4F22-B9E8-95A057D37376}.Release|x86.Build.0 = Release|Win32
	EndGlobalSection
	GlobalSection(SolutionProperties) = preSolution
		HideSolutionNode = FALSE
	EndGlobalSection
	GlobalSection(ExtensibilityGlobals) = postSolution
		SolutionGuid = {DDAF02F4-3A24-4783-A48C-46C017CD821C}
	EndGlobalSection
EndGlobal
