
Microsoft Visual Studio Solution File, Format Version 12.00
# Visual Studio 15
VisualStudioVersion = 15.0.28307.902
MinimumVisualStudioVersion = 10.0.40219.1
Project("{8BC9CEB8-8B4A-11D0-8D11-00A0C91BC942}") = "l-9-11", "l-9-11\l-9-11.vcxproj", "{3B607E97-C783-43B7-84AC-51211A4E2D4F}"
EndProject
Project("{8BC9CEB8-8B4A-11D0-8D11-00A0C91BC942}") = "l-9-13-test14-4", "l-9-13-test14-4\l-9-13-test14-4.vcxproj", "{88832A23-BB99-4FCE-B207-12B46F865D01}"
EndProject
Global
	GlobalSection(SolutionConfigurationPlatforms) = preSolution
		Debug|x64 = Debug|x64
		Debug|x86 = Debug|x86
		Release|x64 = Release|x64
		Release|x86 = Release|x86
	EndGlobalSection
	GlobalSection(ProjectConfigurationPlatforms) = postSolution
		{3B607E97-C783-43B7-84AC-51211A4E2D4F}.Debug|x64.ActiveCfg = Debug|x64
		{3B607E97-C783-43B7-84AC-51211A4E2D4F}.Debug|x64.Build.0 = Debug|x64
		{3B607E97-C783-43B7-84AC-51211A4E2D4F}.Debug|x86.ActiveCfg = Debug|Win32
		{3B607E97-C783-43B7-84AC-51211A4E2D4F}.Debug|x86.Build.0 = Debug|Win32
		{3B607E97-C783-43B7-84AC-51211A4E2D4F}.Release|x64.ActiveCfg = Release|x64
		{3B607E97-C783-43B7-84AC-51211A4E2D4F}.Release|x64.Build.0 = Release|x64
		{3B607E97-C783-43B7-84AC-51211A4E2D4F}.Release|x86.ActiveCfg = Release|Win32
		{3B607E97-C783-43B7-84AC-51211A4E2D4F}.Release|x86.Build.0 = Release|Win32
		{88832A23-BB99-4FCE-B207-12B46F865D01}.Debug|x64.ActiveCfg = Debug|x64
		{88832A23-BB99-4FCE-B207-12B46F865D01}.Debug|x64.Build.0 = Debug|x64
		{88832A23-BB99-4FCE-B207-12B46F865D01}.Debug|x86.ActiveCfg = Debug|Win32
		{88832A23-BB99-4FCE-B207-12B46F865D01}.Debug|x86.Build.0 = Debug|Win32
		{88832A23-BB99-4FCE-B207-12B46F865D01}.Release|x64.ActiveCfg = Release|x64
		{88832A23-BB99-4FCE-B207-12B46F865D01}.Release|x64.Build.0 = Release|x64
		{88832A23-BB99-4FCE-B207-12B46F865D01}.Release|x86.ActiveCfg = Release|Win32
		{88832A23-BB99-4FCE-B207-12B46F865D01}.Release|x86.Build.0 = Release|Win32
	EndGlobalSection
	GlobalSection(SolutionProperties) = preSolution
		HideSolutionNode = FALSE
	EndGlobalSection
	GlobalSection(ExtensibilityGlobals) = postSolution
		SolutionGuid = {DDAF02F4-3A24-4783-A48C-46C017CD821C}
	EndGlobalSection
EndGlobal
